schemaVersion: 1
platformVersion: 0.1.5
registry: ghcr.io/niftel
components:
  api:
    image: praetor-api
    version: 0.1.5
    digest: sha256:e1a9e79d8e1536444824df4d63e3cf32e6d5f2906da0f986cada189b214704fe
  consumer:
    image: praetor-consumer
    version: 0.1.3
    digest: sha256:1ba70920d45d0264e11e860e4ac047898f43b5df0b4bc8f64b22327b4934ebc4
  executor:
    image: praetor-executor
    version: 0.1.5
    digest: sha256:03a386c74e6d878cd0e3535242529ccc4c3c7e66c640e73cfc93977eba427bcc
  ingestion:
    image: praetor-ingestion
    version: 0.1.2
    digest: sha256:4cda7ed37890038e6f086659a8e2863a0b9d9a6f4791ce51d24e8eb9f5a0b28b
  migrator:
    image: praetor-migrator
    version: 0.1.5
    digest: sha256:cba1eec45df09aa15e49f8ef63a40716bc8a5fe97d5b7a27f9d3fc8fff46f6e7
  reconciler:
    image: praetor-reconciler
    version: 0.1.0
    digest: sha256:6f926f3f8b9614b6ca78913334a120bbb650b50d3f4ec4f8c23bd77ab459d620
  scheduler:
    image: praetor-scheduler
    version: 0.1.7
    digest: sha256:7a9e48a65f828ef4c131bccb5daf2b86ce255cc0862a949ebea8e1a1042568c8
  ui:
    image: praetor-ui
    version: 0.1.5
    digest: sha256:46460f4ce60588e585b1c586900fabc13f4cdcd19c9cfab2ca629e5d18b62e9f
